PODS:
  - iCarousel (1.8.3)
  - JTAppleCalendar (6.0.2)
  - MXLCalendarManager (1.0.4)

DEPENDENCIES:
  - iCarousel
  - JTAppleCalendar
  - MXLCalendarManager

SPEC CHECKSUMS:
  iCarousel: d782f635afac190c49bb8ee455882284cff8b85f
  JTAppleCalendar: d0f71bdd45105279fc59329a9c24017e7028e499
  MXLCalendarManager: 3432fa4fb369d352f84a0874f69b198de70119ac

PODFILE CHECKSUM: 54e71f9694885fc0d000cb799b58eecca367b4c8

COCOAPODS: 1.1.1
